
Microsoft Visual Studio Solution File, Format Version 12.00
# Visual Studio 15
VisualStudioVersion = 15.0.26730.16
MinimumVisualStudioVersion = 10.0.40219.1
Project("{E24C65DC-7377-472B-9ABA-BC803B73C61A}") = "Assignment 3(3)", ".", "{04D3E80D-3ECF-4E3A-BBC9-34F72152AACE}"
	ProjectSection(WebsiteProperties) = preProject
		TargetFrameworkMoniker = ".NETFramework,Version%3Dv4.6.1"
		Debug.AspNetCompiler.VirtualPath = "/localhost_52154"
		Debug.AspNetCompiler.PhysicalPath = "..\..\..\Downloads\Assignment 3(3)\"
		Debug.AspNetCompiler.TargetPath = "PrecompiledWeb\localhost_52154\"
		Debug.AspNetCompiler.Updateable = "true"
		Debug.AspNetCompiler.ForceOverwrite = "true"
		Debug.AspNetCompiler.FixedNames = "false"
		Debug.AspNetCompiler.Debug = "True"
		Release.AspNetCompiler.VirtualPath = "/localhost_52154"
		Release.AspNetCompiler.PhysicalPath = "..\..\..\Downloads\Assignment 3(3)\"
		Release.AspNetCompiler.TargetPath = "PrecompiledWeb\localhost_52154\"
		Release.AspNetCompiler.Updateable = "true"
		Release.AspNetCompiler.ForceOverwrite = "true"
		Release.AspNetCompiler.FixedNames = "false"
		Release.AspNetCompiler.Debug = "False"
		VWDPort = "52154"
	EndProjectSection
EndProject
Global
	GlobalSection(SolutionConfigurationPlatforms) = preSolution
		Debug|Any CPU = Debug|Any CPU
	EndGlobalSection
	GlobalSection(ProjectConfigurationPlatforms) = postSolution
		{04D3E80D-3ECF-4E3A-BBC9-34F72152AACE}.Debug|Any CPU.ActiveCfg = Debug|Any CPU
		{04D3E80D-3ECF-4E3A-BBC9-34F72152AACE}.Debug|Any CPU.Build.0 = Debug|Any CPU
	EndGlobalSection
	GlobalSection(SolutionProperties) = preSolution
		HideSolutionNode = FALSE
	EndGlobalSection
	GlobalSection(ExtensibilityGlobals) = postSolution
		SolutionGuid = {585952B0-25D2-45F9-B920-9D109A8D3496}
	EndGlobalSection
EndGlobal
